// !$*UTF8*$!
{
	archiveVersion = 1;
	classes = {
	};
	objectVersion = 46;
	objects = {

/* Begin PBXBuildFile section */
		091DB8BE2251CFC2006A991B /* giphy3.png in Resources */ = {isa = PBXBuildFile; fileRef = 091DB8B32251CFC2006A991B /* giphy3.png */; };
		091DB8C12251CFC2006A991B /* giphy2.png in Resources */ = {isa = PBXBuildFile; fileRef = 091DB8B42251CFC2006A991B /* giphy2.png */; };
		091DB8C42251CFC2006A991B /* giphy0.png in Resources */ = {isa = PBXBuildFile; fileRef = 091DB8B52251CFC2006A991B /* giphy0.png */; };
		091DB8C72251CFC2006A991B /* giphy1.png in Resources */ = {isa = PBXBuildFile; fileRef = 091DB8B62251CFC2006A991B /* giphy1.png */; };
		091DB8CA2251CFC2006A991B /* giphy5.png in Resources */ = {isa = PBXBuildFile; fileRef = 091DB8B72251CFC2006A991B /* giphy5.png */; };
		091DB8CD2251CFC2006A991B /* giphy4.png in Resources */ = {isa = PBXBuildFile; fileRef = 091DB8B82251CFC2006A991B /* giphy4.png */; };
		091DB8D02251CFC2006A991B /* giphy6.png in Resources */ = {isa = PBXBuildFile; fileRef = 091DB8B92251CFC2006A991B /* giphy6.png */; };
		091DB8D32251CFC2006A991B /* giphy7.png in Resources */ = {isa = PBXBuildFile; fileRef = 091DB8BA2251CFC2006A991B /* giphy7.png */; };
		091DB8D62251CFC2006A991B /* giphy10.png in Resources */ = {isa = PBXBuildFile; fileRef = 091DB8BB2251CFC2006A991B /* giphy10.png */; };
		091DB8D92251CFC2006A991B /* giphy9.png in Resources */ = {isa = PBXBuildFile; fileRef = 091DB8BC2251CFC2006A991B /* giphy9.png */; };
		091DB8DC2251CFC2006A991B /* giphy8.png in Resources */ = {isa = PBXBuildFile; fileRef = 091DB8BD2251CFC2006A991B /* giphy8.png */; };
		091DB8E02251CFE7006A991B /* GPSImageProperties.swift in Sources */ = {isa = PBXBuildFile; fileRef = 091DB8DF2251CFE7006A991B /* GPSImageProperties.swift */; };
		09217C441FC35B8C001EAAA1 /* ImageDestination.swift in Sources */ = {isa = PBXBuildFile; fileRef = 093441061CEE368A0046FC6C /* ImageDestination.swift */; };
		09217C481FC371D4001EAAA1 /* CFValuesRepresentable.swift in Sources */ = {isa = PBXBuildFile; fileRef = 09217C471FC371D4001EAAA1 /* CFValuesRepresentable.swift */; };
		093440F71CEE36590046FC6C /* SwiftyImageIO.framework in Frameworks */ = {isa = PBXBuildFile; fileRef = 093440EC1CEE36590046FC6C /* SwiftyImageIO.framework */; };
		093441091CEE368A0046FC6C /* ImageSource.swift in Sources */ = {isa = PBXBuildFile; fileRef = 093441071CEE368A0046FC6C /* ImageSource.swift */; };
		0934410D1CEE36EC0046FC6C /* gifSample.gif in Resources */ = {isa = PBXBuildFile; fileRef = 0934410A1CEE36EC0046FC6C /* gifSample.gif */; };
		0934410E1CEE36EC0046FC6C /* sample.png in Resources */ = {isa = PBXBuildFile; fileRef = 0934410B1CEE36EC0046FC6C /* sample.png */; };
		0934410F1CEE36EC0046FC6C /* Tests.swift in Sources */ = {isa = PBXBuildFile; fileRef = 0934410C1CEE36EC0046FC6C /* Tests.swift */; };
		094D2F2D1CF0555200307068 /* UTI.swift in Sources */ = {isa = PBXBuildFile; fileRef = 094D2F2C1CF0555200307068 /* UTI.swift */; };
		09D3DDC81FC3747400145D01 /* ImageProperties.swift in Sources */ = {isa = PBXBuildFile; fileRef = 09D3DDC71FC3747400145D01 /* ImageProperties.swift */; };
		09D3DDCB1FC3750D00145D01 /* EXIFImageProperty.swift in Sources */ = {isa = PBXBuildFile; fileRef = 09E89B631ED4855300BBA772 /* EXIFImageProperty.swift */; };
		09D9B81520D12E9600376DF7 /* GIF.swift in Sources */ = {isa = PBXBuildFile; fileRef = 090D55451D19D6E1004C50C4 /* GIF.swift */; };
		09E1A5071FDAA79000861248 /* ImagePropertiesContainer.swift in Sources */ = {isa = PBXBuildFile; fileRef = 09E1A5061FDAA79000861248 /* ImagePropertiesContainer.swift */; };
		09E1A5091FDAAD7700861248 /* CFImageProperties.swift in Sources */ = {isa = PBXBuildFile; fileRef = 09E1A5081FDAAD7700861248 /* CFImageProperties.swift */; };
		09E1A50F1FDAB4DF00861248 /* CFValueConvertible.swift in Sources */ = {isa = PBXBuildFile; fileRef = 09E1A50E1FDAB4DF00861248 /* CFValueConvertible.swift */; };
		09E1A5131FDAB55A00861248 /* CFValuesConvertible.swift in Sources */ = {isa = PBXBuildFile; fileRef = 09E1A5121FDAB55A00861248 /* CFValuesConvertible.swift */; };
		09E1A5171FDAB58D00861248 /* CFValues.swift in Sources */ = {isa = PBXBuildFile; fileRef = 09E1A5161FDAB58D00861248 /* CFValues.swift */; };
		09FA387223375CE7004CF0E6 /* CFValueRepresentable.swift in Sources */ = {isa = PBXBuildFile; fileRef = 09FA387123375CE7004CF0E6 /* CFValueRepresentable.swift */; };
		09FA387423375D6B004CF0E6 /* Conversions.swift in Sources */ = {isa = PBXBuildFile; fileRef = 09FA387323375D6B004CF0E6 /* Conversions.swift */; };
		09FA387623375FF2004CF0E6 /* CFProperty.swift in Sources */ = {isa = PBXBuildFile; fileRef = 09FA387523375FF2004CF0E6 /* CFProperty.swift */; };
		F7D7A68222522E730078C6CA /* image_with_gps_data.jpg in Resources */ = {isa = PBXBuildFile; fileRef = F7D7A68122522E730078C6CA /* image_with_gps_data.jpg */; };
/* End PBXBuildFile section */

/* Begin PBXContainerItemProxy section */
		093440F81CEE36590046FC6C /* PBXContainerItemProxy */ = {
			isa = PBXContainerItemProxy;
			containerPortal = 093440E31CEE36590046FC6C /* Project object */;
			proxyType = 1;
			remoteGlobalIDString = 093440EB1CEE36590046FC6C;
			remoteInfo = SwiftyImageIO;
		};
/* End PBXContainerItemProxy section */

/* Begin PBXFileReference section */
		090D55451D19D6E1004C50C4 /* GIF.swift */ = {isa = PBXFileReference; fileEncoding = 4; lastKnownFileType = sourcecode.swift; name = GIF.swift; path = ../Sources/GIF.swift; sourceTree = "<group>"; };
		091DB8B32251CFC2006A991B /* giphy3.png */ = {isa = PBXFileReference; lastKnownFileType = image.png; path = giphy3.png; sourceTree = "<group>"; };
		091DB8B42251CFC2006A991B /* giphy2.png */ = {isa = PBXFileReference; lastKnownFileType = image.png; path = giphy2.png; sourceTree = "<group>"; };
		091DB8B52251CFC2006A991B /* giphy0.png */ = {isa = PBXFileReference; lastKnownFileType = image.png; path = giphy0.png; sourceTree = "<group>"; };
		091DB8B62251CFC2006A991B /* giphy1.png */ = {isa = PBXFileReference; lastKnownFileType = image.png; path = giphy1.png; sourceTree = "<group>"; };
		091DB8B72251CFC2006A991B /* giphy5.png */ = {isa = PBXFileReference; lastKnownFileType = image.png; path = giphy5.png; sourceTree = "<group>"; };
		091DB8B82251CFC2006A991B /* giphy4.png */ = {isa = PBXFileReference; lastKnownFileType = image.png; path = giphy4.png; sourceTree = "<group>"; };
		091DB8B92251CFC2006A991B /* giphy6.png */ = {isa = PBXFileReference; lastKnownFileType = image.png; path = giphy6.png; sourceTree = "<group>"; };
		091DB8BA2251CFC2006A991B /* giphy7.png */ = {isa = PBXFileReference; lastKnownFileType = image.png; path = giphy7.png; sourceTree = "<group>"; };
		091DB8BB2251CFC2006A991B /* giphy10.png */ = {isa = PBXFileReference; lastKnownFileType = image.png; path = giphy10.png; sourceTree = "<group>"; };
		091DB8BC2251CFC2006A991B /* giphy9.png */ = {isa = PBXFileReference; lastKnownFileType = image.png; path = giphy9.png; sourceTree = "<group>"; };
		091DB8BD2251CFC2006A991B /* giphy8.png */ = {isa = PBXFileReference; lastKnownFileType = image.png; path = giphy8.png; sourceTree = "<group>"; };
		091DB8DF2251CFE7006A991B /* GPSImageProperties.swift */ = {isa = PBXFileReference; fileEncoding = 4; lastKnownFileType = sourcecode.swift; name = GPSImageProperties.swift; path = ../Sources/GPSImageProperties.swift; sourceTree = "<group>"; };
		09217C471FC371D4001EAAA1 /* CFValuesRepresentable.swift */ = {isa = PBXFileReference; fileEncoding = 4; lastKnownFileType = sourcecode.swift; name = CFValuesRepresentable.swift; path = ../Sources/CFValuesRepresentable.swift; sourceTree = "<group>"; };
		093440EC1CEE36590046FC6C /* SwiftyImageIO.framework */ = {isa = PBXFileReference; explicitFileType = wrapper.framework; includeInIndex = 0; path = SwiftyImageIO.framework; sourceTree = BUILT_PRODUCTS_DIR; };
		093440F11CEE36590046FC6C /* Info.plist */ = {isa = PBXFileReference; lastKnownFileType = text.plist.xml; path = Info.plist; sourceTree = "<group>"; };
		093440F61CEE36590046FC6C /* SwiftyImageIOTests.xctest */ = {isa = PBXFileReference; explicitFileType = wrapper.cfbundle; includeInIndex = 0; path = SwiftyImageIOTests.xctest; sourceTree = BUILT_PRODUCTS_DIR; };
		093440FD1CEE36590046FC6C /* Info.plist */ = {isa = PBXFileReference; lastKnownFileType = text.plist.xml; path = Info.plist; sourceTree = "<group>"; };
		093441061CEE368A0046FC6C /* ImageDestination.swift */ = {isa = PBXFileReference; fileEncoding = 4; lastKnownFileType = sourcecode.swift; name = ImageDestination.swift; path = ../Sources/ImageDestination.swift; sourceTree = "<group>"; };
		093441071CEE368A0046FC6C /* ImageSource.swift */ = {isa = PBXFileReference; fileEncoding = 4; lastKnownFileType = sourcecode.swift; name = ImageSource.swift; path = ../Sources/ImageSource.swift; sourceTree = "<group>"; };
		0934410A1CEE36EC0046FC6C /* gifSample.gif */ = {isa = PBXFileReference; lastKnownFileType = image.gif; path = gifSample.gif; sourceTree = "<group>"; };
		0934410B1CEE36EC0046FC6C /* sample.png */ = {isa = PBXFileReference; lastKnownFileType = image.png; path = sample.png; sourceTree = "<group>"; };
		0934410C1CEE36EC0046FC6C /* Tests.swift */ = {isa = PBXFileReference; fileEncoding = 4; lastKnownFileType = sourcecode.swift; name = Tests.swift; path = ../Example/Tests/Tests.swift; sourceTree = "<group>"; };
		094D2F2C1CF0555200307068 /* UTI.swift */ = {isa = PBXFileReference; fileEncoding = 4; lastKnownFileType = sourcecode.swift; name = UTI.swift; path = ../Sources/UTI.swift; sourceTree = "<group>"; };
		09D3DDC71FC3747400145D01 /* ImageProperties.swift */ = {isa = PBXFileReference; lastKnownFileType = sourcecode.swift; name = ImageProperties.swift; path = ../Sources/ImageProperties.swift; sourceTree = "<group>"; };
		09E1A5061FDAA79000861248 /* ImagePropertiesContainer.swift */ = {isa = PBXFileReference; lastKnownFileType = sourcecode.swift; name = ImagePropertiesContainer.swift; path = ../Sources/ImagePropertiesContainer.swift; sourceTree = "<group>"; };
		09E1A5081FDAAD7700861248 /* CFImageProperties.swift */ = {isa = PBXFileReference; lastKnownFileType = sourcecode.swift; name = CFImageProperties.swift; path = ../Sources/CFImageProperties.swift; sourceTree = "<group>"; };
		09E1A50E1FDAB4DF00861248 /* CFValueConvertible.swift */ = {isa = PBXFileReference; lastKnownFileType = sourcecode.swift; path = CFValueConvertible.swift; sourceTree = "<group>"; };
		09E1A5121FDAB55A00861248 /* CFValuesConvertible.swift */ = {isa = PBXFileReference; lastKnownFileType = sourcecode.swift; name = CFValuesConvertible.swift; path = ../Sources/CFValuesConvertible.swift; sourceTree = "<group>"; };
		09E1A5161FDAB58D00861248 /* CFValues.swift */ = {isa = PBXFileReference; lastKnownFileType = sourcecode.swift; name = CFValues.swift; path = ../Sources/CFValues.swift; sourceTree = "<group>"; };
		09E89B631ED4855300BBA772 /* EXIFImageProperty.swift */ = {isa = PBXFileReference; fileEncoding = 4; lastKnownFileType = sourcecode.swift; name = EXIFImageProperty.swift; path = ../Sources/EXIFImageProperty.swift; sourceTree = "<group>"; };
		09FA387123375CE7004CF0E6 /* CFValueRepresentable.swift */ = {isa = PBXFileReference; lastKnownFileType = sourcecode.swift; path = CFValueRepresentable.swift; sourceTree = "<group>"; };
		09FA387323375D6B004CF0E6 /* Conversions.swift */ = {isa = PBXFileReference; lastKnownFileType = sourcecode.swift; path = Conversions.swift; sourceTree = "<group>"; };
		09FA387523375FF2004CF0E6 /* CFProperty.swift */ = {isa = PBXFileReference; lastKnownFileType = sourcecode.swift; path = CFProperty.swift; sourceTree = "<group>"; };
		F7D7A68122522E730078C6CA /* image_with_gps_data.jpg */ = {isa = PBXFileReference; lastKnownFileType = image.jpeg; path = image_with_gps_data.jpg; sourceTree = "<group>"; };
/* End PBXFileReference section */

/* Begin PBXFrameworksBuildPhase section */
		093440E81CEE36590046FC6C /* Frameworks */ = {
			isa = PBXFrameworksBuildPhase;
			buildActionMask = 2147483647;
			files = (
			);
			runOnlyForDeploymentPostprocessing = 0;
		};
		093440F31CEE36590046FC6C /* Frameworks */ = {
			isa = PBXFrameworksBuildPhase;
			buildActionMask = 2147483647;
			files = (
				093440F71CEE36590046FC6C /* SwiftyImageIO.framework in Frameworks */,
			);
			runOnlyForDeploymentPostprocessing = 0;
		};
/* End PBXFrameworksBuildPhase section */

/* Begin PBXGroup section */
		091DB8B12251CFC2006A991B /* Resources */ = {
			isa = PBXGroup;
			children = (
				0934410A1CEE36EC0046FC6C /* gifSample.gif */,
				0934410B1CEE36EC0046FC6C /* sample.png */,
				F7D7A68122522E730078C6CA /* image_with_gps_data.jpg */,
				091DB8B22251CFC2006A991B /* animatedImage */,
			);
			path = Resources;
			sourceTree = "<group>";
		};
		091DB8B22251CFC2006A991B /* animatedImage */ = {
			isa = PBXGroup;
			children = (
				091DB8B32251CFC2006A991B /* giphy3.png */,
				091DB8B42251CFC2006A991B /* giphy2.png */,
				091DB8B52251CFC2006A991B /* giphy0.png */,
				091DB8B62251CFC2006A991B /* giphy1.png */,
				091DB8B72251CFC2006A991B /* giphy5.png */,
				091DB8B82251CFC2006A991B /* giphy4.png */,
				091DB8B92251CFC2006A991B /* giphy6.png */,
				091DB8BA2251CFC2006A991B /* giphy7.png */,
				091DB8BB2251CFC2006A991B /* giphy10.png */,
				091DB8BC2251CFC2006A991B /* giphy9.png */,
				091DB8BD2251CFC2006A991B /* giphy8.png */,
			);
			path = animatedImage;
			sourceTree = "<group>";
		};
		093440E21CEE36590046FC6C = {
			isa = PBXGroup;
			children = (
				0934414E1CEE3A950046FC6C /* Tests */,
				0934412C1CEE3A200046FC6C /* Sources */,
				093440EE1CEE36590046FC6C /* SwiftyImageIO */,
				093440FA1CEE36590046FC6C /* SwiftyImageIOTests */,
				093440ED1CEE36590046FC6C /* Products */,
			);
			indentWidth = 2;
			sourceTree = "<group>";
			tabWidth = 2;
		};
		093440ED1CEE36590046FC6C /* Products */ = {
			isa = PBXGroup;
			children = (
				093440EC1CEE36590046FC6C /* SwiftyImageIO.framework */,
				093440F61CEE36590046FC6C /* SwiftyImageIOTests.xctest */,
			);
			name = Products;
			sourceTree = "<group>";
		};
		093440EE1CEE36590046FC6C /* SwiftyImageIO */ = {
			isa = PBXGroup;
			children = (
				093440F11CEE36590046FC6C /* Info.plist */,
			);
			path = SwiftyImageIO;
			sourceTree = "<group>";
		};
		093440FA1CEE36590046FC6C /* SwiftyImageIOTests */ = {
			isa = PBXGroup;
			children = (
				093440FD1CEE36590046FC6C /* Info.plist */,
			);
			path = SwiftyImageIOTests;
			sourceTree = "<group>";
		};
		0934412C1CEE3A200046FC6C /* Sources */ = {
			isa = PBXGroup;
			children = (
				09E1A5161FDAB58D00861248 /* CFValues.swift */,
				09FA387123375CE7004CF0E6 /* CFValueRepresentable.swift */,
				09E1A50E1FDAB4DF00861248 /* CFValueConvertible.swift */,
				09FA387523375FF2004CF0E6 /* CFProperty.swift */,
				09FA387323375D6B004CF0E6 /* Conversions.swift */,
				09217C471FC371D4001EAAA1 /* CFValuesRepresentable.swift */,
				09E1A5121FDAB55A00861248 /* CFValuesConvertible.swift */,
				09E1A5081FDAAD7700861248 /* CFImageProperties.swift */,
				09D3DDC71FC3747400145D01 /* ImageProperties.swift */,
				09E1A5061FDAA79000861248 /* ImagePropertiesContainer.swift */,
				093441061CEE368A0046FC6C /* ImageDestination.swift */,
				093441071CEE368A0046FC6C /* ImageSource.swift */,
				090D55451D19D6E1004C50C4 /* GIF.swift */,
				094D2F2C1CF0555200307068 /* UTI.swift */,
				09E89B631ED4855300BBA772 /* EXIFImageProperty.swift */,
				091DB8DF2251CFE7006A991B /* GPSImageProperties.swift */,
			);
			name = Sources;
			path = ../Sources;
			sourceTree = "<group>";
		};
		0934414E1CEE3A950046FC6C /* Tests */ = {
			isa = PBXGroup;
			children = (
				091DB8B12251CFC2006A991B /* Resources */,
				0934410C1CEE36EC0046FC6C /* Tests.swift */,
			);
			name = Tests;
			sourceTree = "<group>";
		};
/* End PBXGroup section */

/* Begin PBXHeadersBuildPhase section */
		093440E91CEE36590046FC6C /* Headers */ = {
			isa = PBXHeadersBuildPhase;
			buildActionMask = 2147483647;
			files = (
			);
			runOnlyForDeploymentPostprocessing = 0;
		};
/* End PBXHeadersBuildPhase section */

/* Begin PBXNativeTarget section */
		093440EB1CEE36590046FC6C /* SwiftyImageIO */ = {
			isa = PBXNativeTarget;
			buildConfigurationList = 093441001CEE36590046FC6C /* Build configuration list for PBXNativeTarget "SwiftyImageIO" */;
			buildPhases = (
				093440E71CEE36590046FC6C /* Sources */,
				093440E81CEE36590046FC6C /* Frameworks */,
				093440E91CEE36590046FC6C /* Headers */,
				093440EA1CEE36590046FC6C /* Resources */,
			);
			buildRules = (
			);
			dependencies = (
			);
			name = SwiftyImageIO;
			productName = SwiftyImageIO;
			productReference = 093440EC1CEE36590046FC6C /* SwiftyImageIO.framework */;
			productType = "com.apple.product-type.framework";
		};
		093440F51CEE36590046FC6C /* SwiftyImageIOTests */ = {
			isa = PBXNativeTarget;
			buildConfigurationList = 093441031CEE36590046FC6C /* Build configuration list for PBXNativeTarget "SwiftyImageIOTests" */;
			buildPhases = (
				093440F21CEE36590046FC6C /* Sources */,
				093440F31CEE36590046FC6C /* Frameworks */,
				093440F41CEE36590046FC6C /* Resources */,
			);
			buildRules = (
			);
			dependencies = (
				093440F91CEE36590046FC6C /* PBXTargetDependency */,
			);
			name = SwiftyImageIOTests;
			productName = SwiftyImageIOTests;
			productReference = 093440F61CEE36590046FC6C /* SwiftyImageIOTests.xctest */;
			productType = "com.apple.product-type.bundle.unit-test";
		};
/* End PBXNativeTarget section */

/* Begin PBXProject section */
		093440E31CEE36590046FC6C /* Project object */ = {
			isa = PBXProject;
			attributes = {
				LastSwiftUpdateCheck = 0730;
				LastUpgradeCheck = 1020;
				ORGANIZATIONNAME = "Alexander Belyavskiy";
				TargetAttributes = {
					093440EB1CEE36590046FC6C = {
						CreatedOnToolsVersion = 7.3.1;
						LastSwiftMigration = 1020;
					};
					093440F51CEE36590046FC6C = {
						CreatedOnToolsVersion = 7.3.1;
						LastSwiftMigration = 1020;
					};
				};
			};
			buildConfigurationList = 093440E61CEE36590046FC6C /* Build configuration list for PBXProject "SwiftyImageIO" */;
			compatibilityVersion = "Xcode 3.2";
			developmentRegion = en;
			hasScannedForEncodings = 0;
			knownRegions = (
				en,
				Base,
			);
			mainGroup = 093440E21CEE36590046FC6C;
			productRefGroup = 093440ED1CEE36590046FC6C /* Products */;
			projectDirPath = "";
			projectRoot = "";
			targets = (
				093440EB1CEE36590046FC6C /* SwiftyImageIO */,
				093440F51CEE36590046FC6C /* SwiftyImageIOTests */,
			);
		};
/* End PBXProject section */

/* Begin PBXResourcesBuildPhase section */
		093440EA1CEE36590046FC6C /* Resources */ = {
			isa = PBXResourcesBuildPhase;
			buildActionMask = 2147483647;
			files = (
			);
			runOnlyForDeploymentPostprocessing = 0;
		};
		093440F41CEE36590046FC6C /* Resources */ = {
			isa = PBXResourcesBuildPhase;
			buildActionMask = 2147483647;
			files = (
				091DB8CA2251CFC2006A991B /* giphy5.png in Resources */,
				091DB8D32251CFC2006A991B /* giphy7.png in Resources */,
				091DB8C12251CFC2006A991B /* giphy2.png in Resources */,
				091DB8D92251CFC2006A991B /* giphy9.png in Resources */,
				091DB8CD2251CFC2006A991B /* giphy4.png in Resources */,
				091DB8D02251CFC2006A991B /* giphy6.png in Resources */,
				F7D7A68222522E730078C6CA /* image_with_gps_data.jpg in Resources */,
				091DB8C42251CFC2006A991B /* giphy0.png in Resources */,
				091DB8BE2251CFC2006A991B /* giphy3.png in Resources */,
				0934410D1CEE36EC0046FC6C /* gifSample.gif in Resources */,
				0934410E1CEE36EC0046FC6C /* sample.png in Resources */,
				091DB8D62251CFC2006A991B /* giphy10.png in Resources */,
				091DB8C72251CFC2006A991B /* giphy1.png in Resources */,
				091DB8DC2251CFC2006A991B /* giphy8.png in Resources */,
			);
			runOnlyForDeploymentPostprocessing = 0;
		};
/* End PBXResourcesBuildPhase section */

/* Begin PBXSourcesBuildPhase section */
		093440E71CEE36590046FC6C /* Sources */ = {
			isa = PBXSourcesBuildPhase;
			buildActionMask = 2147483647;
			files = (
				09FA387423375D6B004CF0E6 /* Conversions.swift in Sources */,
				093441091CEE368A0046FC6C /* ImageSource.swift in Sources */,
				09FA387223375CE7004CF0E6 /* CFValueRepresentable.swift in Sources */,
				09D3DDC81FC3747400145D01 /* ImageProperties.swift in Sources */,
				09217C481FC371D4001EAAA1 /* CFValuesRepresentable.swift in Sources */,
				09E1A5091FDAAD7700861248 /* CFImageProperties.swift in Sources */,
				09E1A5071FDAA79000861248 /* ImagePropertiesContainer.swift in Sources */,
				09E1A5171FDAB58D00861248 /* CFValues.swift in Sources */,
				09D9B81520D12E9600376DF7 /* GIF.swift in Sources */,
				09FA387623375FF2004CF0E6 /* CFProperty.swift in Sources */,
				09217C441FC35B8C001EAAA1 /* ImageDestination.swift in Sources */,
				09E1A5131FDAB55A00861248 /* CFValuesConvertible.swift in Sources */,
				09D3DDCB1FC3750D00145D01 /* EXIFImageProperty.swift in Sources */,
				094D2F2D1CF0555200307068 /* UTI.swift in Sources */,
				091DB8E02251CFE7006A991B /* GPSImageProperties.swift in Sources */,
				09E1A50F1FDAB4DF00861248 /* CFValueConvertible.swift in Sources */,
			);
			runOnlyForDeploymentPostprocessing = 0;
		};
		093440F21CEE36590046FC6C /* Sources */ = {
			isa = PBXSourcesBuildPhase;
			buildActionMask = 2147483647;
			files = (
				0934410F1CEE36EC0046FC6C /* Tests.swift in Sources */,
			);
			runOnlyForDeploymentPostprocessing = 0;
		};
/* End PBXSourcesBuildPhase section */

/* Begin PBXTargetDependency section */
		093440F91CEE36590046FC6C /* PBXTargetDependency */ = {
			isa = PBXTargetDependency;
			target = 093440EB1CEE36590046FC6C /* SwiftyImageIO */;
			targetProxy = 093440F81CEE36590046FC6C /* PBXContainerItemProxy */;
		};
/* End PBXTargetDependency section */

/* Begin XCBuildConfiguration section */
		093440FE1CEE36590046FC6C /* Debug */ = {
			isa = XCBuildConfiguration;
			buildSettings = {
				ALWAYS_SEARCH_USER_PATHS = NO;
				CLANG_ANALYZER_LOCALIZABILITY_NONLOCALIZED = YES;
				CLANG_ANALYZER_NONNULL = YES;
				CLANG_CXX_LANGUAGE_STANDARD = "gnu++0x";
				CLANG_CXX_LIBRARY = "libc++";
				CLANG_ENABLE_MODULES = YES;
				CLANG_ENABLE_OBJC_ARC = YES;
				CLANG_WARN_BLOCK_CAPTURE_AUTORELEASING = YES;
				CLANG_WARN_BOOL_CONVERSION = YES;
				CLANG_WARN_COMMA = YES;
				CLANG_WARN_CONSTANT_CONVERSION = YES;
				CLANG_WARN_DEPRECATED_OBJC_IMPLEMENTATIONS = YES;
				CLANG_WARN_DIRECT_OBJC_ISA_USAGE = YES_ERROR;
				CLANG_WARN_EMPTY_BODY = YES;
				CLANG_WARN_ENUM_CONVERSION = YES;
				CLANG_WARN_INFINITE_RECURSION = YES;
				CLANG_WARN_INT_CONVERSION = YES;
				CLANG_WARN_NON_LITERAL_NULL_CONVERSION = YES;
				CLANG_WARN_OBJC_IMPLICIT_RETAIN_SELF = YES;
				CLANG_WARN_OBJC_LITERAL_CONVERSION = YES;
				CLANG_WARN_OBJC_ROOT_CLASS = YES_ERROR;
				CLANG_WARN_RANGE_LOOP_ANALYSIS = YES;
				CLANG_WARN_STRICT_PROTOTYPES = YES;
				CLANG_WARN_SUSPICIOUS_MOVE = YES;
				CLANG_WARN_UNREACHABLE_CODE = YES;
				CLANG_WARN__DUPLICATE_METHOD_MATCH = YES;
				"CODE_SIGN_IDENTITY[sdk=iphoneos*]" = "iPhone Developer";
				COPY_PHASE_STRIP = NO;
				CURRENT_PROJECT_VERSION = 1;
				DEBUG_INFORMATION_FORMAT = dwarf;
				ENABLE_STRICT_OBJC_MSGSEND = YES;
				ENABLE_TESTABILITY = YES;
				GCC_C_LANGUAGE_STANDARD = gnu99;
				GCC_DYNAMIC_NO_PIC = NO;
				GCC_NO_COMMON_BLOCKS = YES;
				GCC_OPTIMIZATION_LEVEL = 0;
				GCC_PREPROCESSOR_DEFINITIONS = (
					"DEBUG=1",
					"$(inherited)",
				);
				GCC_WARN_64_TO_32_BIT_CONVERSION = YES;
				GCC_WARN_ABOUT_RETURN_TYPE = YES_ERROR;
				GCC_WARN_UNDECLARED_SELECTOR = YES;
				GCC_WARN_UNINITIALIZED_AUTOS = YES_AGGRESSIVE;
				GCC_WARN_UNUSED_FUNCTION = YES;
				GCC_WARN_UNUSED_VARIABLE = YES;
				IPHONEOS_DEPLOYMENT_TARGET = 9.3;
				MTL_ENABLE_DEBUG_INFO = YES;
				ONLY_ACTIVE_ARCH = YES;
				SDKROOT = iphoneos;
				SWIFT_OPTIMIZATION_LEVEL = "-Onone";
				SWIFT_SWIFT3_OBJC_INFERENCE = Off;
				SWIFT_VERSION = "";
				TARGETED_DEVICE_FAMILY = "1,2";
				VERSIONING_SYSTEM = "apple-generic";
				VERSION_INFO_PREFIX = "";
			};
			name = Debug;
		};
		093440FF1CEE36590046FC6C /* Release */ = {
			isa = XCBuildConfiguration;
			buildSettings = {
				ALWAYS_SEARCH_USER_PATHS = NO;
				CLANG_ANALYZER_LOCALIZABILITY_NONLOCALIZED = YES;
				CLANG_ANALYZER_NONNULL = YES;
				CLANG_CXX_LANGUAGE_STANDARD = "gnu++0x";
				CLANG_CXX_LIBRARY = "libc++";
				CLANG_ENABLE_MODULES = YES;
				CLANG_ENABLE_OBJC_ARC = YES;
				CLANG_WARN_BLOCK_CAPTURE_AUTORELEASING = YES;
				CLANG_WARN_BOOL_CONVERSION = YES;
				CLANG_WARN_COMMA = YES;
				CLANG_WARN_CONSTANT_CONVERSION = YES;
				CLANG_WARN_DEPRECATED_OBJC_IMPLEMENTATIONS = YES;
				CLANG_WARN_DIRECT_OBJC_ISA_USAGE = YES_ERROR;
				CLANG_WARN_EMPTY_BODY = YES;
				CLANG_WARN_ENUM_CONVERSION = YES;
				CLANG_WARN_INFINITE_RECURSION = YES;
				CLANG_WARN_INT_CONVERSION = YES;
				CLANG_WARN_NON_LITERAL_NULL_CONVERSION = YES;
				CLANG_WARN_OBJC_IMPLICIT_RETAIN_SELF = YES;
				CLANG_WARN_OBJC_LITERAL_CONVERSION = YES;
				CLANG_WARN_OBJC_ROOT_CLASS = YES_ERROR;
				CLANG_WARN_RANGE_LOOP_ANALYSIS = YES;
				CLANG_WARN_STRICT_PROTOTYPES = YES;
				CLANG_WARN_SUSPICIOUS_MOVE = YES;
				CLANG_WARN_UNREACHABLE_CODE = YES;
				CLANG_WARN__DUPLICATE_METHOD_MATCH = YES;
				"CODE_SIGN_IDENTITY[sdk=iphoneos*]" = "iPhone Developer";
				COPY_PHASE_STRIP = NO;
				CURRENT_PROJECT_VERSION = 1;
				DEBUG_INFORMATION_FORMAT = "dwarf-with-dsym";
				ENABLE_NS_ASSERTIONS = NO;
				ENABLE_STRICT_OBJC_MSGSEND = YES;
				GCC_C_LANGUAGE_STANDARD = gnu99;
				GCC_NO_COMMON_BLOCKS = YES;
				GCC_WARN_64_TO_32_BIT_CONVERSION = YES;
				GCC_WARN_ABOUT_RETURN_TYPE = YES_ERROR;
				GCC_WARN_UNDECLARED_SELECTOR = YES;
				GCC_WARN_UNINITIALIZED_AUTOS = YES_AGGRESSIVE;
				GCC_WARN_UNUSED_FUNCTION = YES;
				GCC_WARN_UNUSED_VARIABLE = YES;
				IPHONEOS_DEPLOYMENT_TARGET = 9.3;
				MTL_ENABLE_DEBUG_INFO = NO;
				SDKROOT = iphoneos;
				SWIFT_SWIFT3_OBJC_INFERENCE = Off;
				SWIFT_VERSION = "";
				TARGETED_DEVICE_FAMILY = "1,2";
				VALIDATE_PRODUCT = YES;
				VERSIONING_SYSTEM = "apple-generic";
				VERSION_INFO_PREFIX = "";
			};
			name = Release;
		};
		093441011CEE36590046FC6C /* Debug */ = {
			isa = XCBuildConfiguration;
			buildSettings = {
				CLANG_ENABLE_MODULES = YES;
				"CODE_SIGN_IDENTITY[sdk=iphoneos*]" = "";
				DEFINES_MODULE = YES;
				DYLIB_COMPATIBILITY_VERSION = 1;
				DYLIB_CURRENT_VERSION = 1;
				DYLIB_INSTALL_NAME_BASE = "@rpath";
				INFOPLIST_FILE = SwiftyImageIO/Info.plist;
				INSTALL_PATH = "$(LOCAL_LIBRARY_DIR)/Frameworks";
				IPHONEOS_DEPLOYMENT_TARGET = 8.0;
				LD_RUNPATH_SEARCH_PATHS = "$(inherited) @executable_path/Frameworks @loader_path/Frameworks";
				PRODUCT_BUNDLE_IDENTIFIER = com.diejmon.SwiftyImageIO;
				PRODUCT_NAME = SwiftyImageIO;
				SKIP_INSTALL = YES;
				SUPPORTED_PLATFORMS = "iphonesimulator iphoneos macosx appletvos appletvsimulator";
				SWIFT_OPTIMIZATION_LEVEL = "-Onone";
				SWIFT_VERSION = 5.0;
			};
			name = Debug;
		};
		093441021CEE36590046FC6C /* Release */ = {
			isa = XCBuildConfiguration;
			buildSettings = {
				CLANG_ENABLE_MODULES = YES;
				"CODE_SIGN_IDENTITY[sdk=iphoneos*]" = "";
				DEFINES_MODULE = YES;
				DYLIB_COMPATIBILITY_VERSION = 1;
				DYLIB_CURRENT_VERSION = 1;
				DYLIB_INSTALL_NAME_BASE = "@rpath";
				INFOPLIST_FILE = SwiftyImageIO/Info.plist;
				INSTALL_PATH = "$(LOCAL_LIBRARY_DIR)/Frameworks";
				IPHONEOS_DEPLOYMENT_TARGET = 8.0;
				LD_RUNPATH_SEARCH_PATHS = "$(inherited) @executable_path/Frameworks @loader_path/Frameworks";
				PRODUCT_BUNDLE_IDENTIFIER = com.diejmon.SwiftyImageIO;
				PRODUCT_NAME = SwiftyImageIO;
				SKIP_INSTALL = YES;
				SUPPORTED_PLATFORMS = "iphonesimulator iphoneos macosx appletvos appletvsimulator";
				SWIFT_OPTIMIZATION_LEVEL = "-Owholemodule";
				SWIFT_VERSION = 5.0;
			};
			name = Release;
		};
		093441041CEE36590046FC6C /* Debug */ = {
			isa = XCBuildConfiguration;
			buildSettings = {
				INFOPLIST_FILE = SwiftyImageIOTests/Info.plist;
				LD_RUNPATH_SEARCH_PATHS = "$(inherited) @executable_path/Frameworks @loader_path/Frameworks";
				PRODUCT_BUNDLE_IDENTIFIER = com.diejmon.SwiftyImageIOTests;
				PRODUCT_NAME = "$(TARGET_NAME)";
				SWIFT_VERSION = 5.0;
			};
			name = Debug;
		};
		093441051CEE36590046FC6C /* Release */ = {
			isa = XCBuildConfiguration;
			buildSettings = {
				INFOPLIST_FILE = SwiftyImageIOTests/Info.plist;
				LD_RUNPATH_SEARCH_PATHS = "$(inherited) @executable_path/Frameworks @loader_path/Frameworks";
				PRODUCT_BUNDLE_IDENTIFIER = com.diejmon.SwiftyImageIOTests;
				PRODUCT_NAME = "$(TARGET_NAME)";
				SWIFT_OPTIMIZATION_LEVEL = "-Owholemodule";
				SWIFT_VERSION = 5.0;
			};
			name = Release;
		};
/* End XCBuildConfiguration section */

/* Begin XCConfigurationList section */
		093440E61CEE36590046FC6C /* Build configuration list for PBXProject "SwiftyImageIO" */ = {
			isa = XCConfigurationList;
			buildConfigurations = (
				093440FE1CEE36590046FC6C /* Debug */,
				093440FF1CEE36590046FC6C /* Release */,
			);
			defaultConfigurationIsVisible = 0;
			defaultConfigurationName = Release;
		};
		093441001CEE36590046FC6C /* Build configuration list for PBXNativeTarget "SwiftyImageIO" */ = {
			isa = XCConfigurationList;
			buildConfigurations = (
				093441011CEE36590046FC6C /* Debug */,
				093441021CEE36590046FC6C /* Release */,
			);
			defaultConfigurationIsVisible = 0;
			defaultConfigurationName = Release;
		};
		093441031CEE36590046FC6C /* Build configuration list for PBXNativeTarget "SwiftyImageIOTests" */ = {
			isa = XCConfigurationList;
			buildConfigurations = (
				093441041CEE36590046FC6C /* Debug */,
				093441051CEE36590046FC6C /* Release */,
			);
			defaultConfigurationIsVisible = 0;
			defaultConfigurationName = Release;
		};
/* End XCConfigurationList section */
	};
	rootObject = 093440E31CEE36590046FC6C /* Project object */;
}
